version = 1
revision = 3
requires-python = ">=3.11"

[[package]]
name = "pdf-renderer"
version = "0.1.0"
source = { virtual = "." }
dependencies = [
    { name = "pymupdf" },
    { name = "pypdfium2" },
    { name = "pyside6" },
]

[package.metadata]
requires-dist = [
    { name = "pymupdf", specifier = ">=1.26.7" },
    { name = "pypdfium2", specifier = ">=4.30.0" },
    { name = "pyside6", specifier = ">=6.10.2" },
]

[[package]]
name = "pymupdf"
version = "1.26.7"
source = { registry = "https://pypi.org/simple" }
sdist = { url = "https://files.pythonhosted.org/packages/48/d6/09b28f027b510838559f7748807192149c419b30cb90e6d5f0cf916dc9dc/pymupdf-1.26.7.tar.gz", hash = "sha256:71add8bdc8eb1aaa207c69a13400693f06ad9b927bea976f5d5ab9df0bb489c3", size = 84327033, upload-time = "2025-12-11T21:48:50.694Z" }
wheels = [
    { url = "https://files.pythonhosted.org/packages/94/35/cd74cea1787b2247702ef8522186bdef32e9cb30a099e6bb864627ef6045/pymupdf-1.26.7-cp310-abi3-macosx_10_9_x86_64.whl", hash = "sha256:07085718dfdae5ab83b05eb5eb397f863bcc538fe05135318a01ea353e7a1353", size = 23179369, upload-time = "2025-12-11T21:47:21.587Z" },
    { url = "https://files.pythonhosted.org/packages/72/74/448b6172927c829c6a3fba80078d7b0a016ebbe2c9ee528821f5ea21677a/pymupdf-1.26.7-cp310-abi3-macosx_11_0_arm64.whl", hash = "sha256:31aa9c8377ea1eea02934b92f4dcf79fb2abba0bf41f8a46d64c3e31546a3c02", size = 22470101, upload-time = "2025-12-11T21:47:37.105Z" },
    { url = "https://files.pythonhosted.org/packages/65/e7/47af26f3ac76be7ac3dd4d6cc7ee105948a8355d774e5ca39857bf91c11c/pymupdf-1.26.7-cp310-abi3-manylinux_2_28_aarch64.whl", hash = "sha256:e419b609996434a14a80fa060adec72c434a1cca6a511ec54db9841bc5d51b3c", size = 23502486, upload-time = "2025-12-12T09:51:25.824Z" },
    { url = "https://files.pythonhosted.org/packages/2a/6b/3de1714d734ff949be1e90a22375d0598d3540b22ae73eb85c2d7d1f36a9/pymupdf-1.26.7-cp310-abi3-manylinux_2_28_x86_64.whl", hash = "sha256:69dfc78f206a96e5b3ac22741263ebab945fdf51f0dbe7c5757c3511b23d9d72", size = 24115727, upload-time = "2025-12-11T21:47:51.274Z" },
    { url = "https://files.pythonhosted.org/packages/62/9b/f86224847949577a523be2207315ae0fd3155b5d909cd66c274d095349a3/pymupdf-1.26.7-cp310-abi3-musllinux_1_2_x86_64.whl", hash = "sha256:1d5106f46e1ca0d64d46bd51892372a4f82076bdc14a9678d33d630702abca36", size = 24324386, upload-time = "2025-12-12T14:58:45.483Z" },
    { url = "https://files.pythonhosted.org/packages/85/8e/a117d39092ca645fde8b903f4a941d9aa75b370a67b4f1f435f56393dc5a/pymupdf-1.26.7-cp310-abi3-win32.whl", hash = "sha256:7c9645b6f5452629c747690190350213d3e5bbdb6b2eca227d82702b327f6eee", size = 17203888, upload-time = "2025-12-12T13:59:57.613Z" },
    { url = "https://files.pythonhosted.org/packages/dd/c3/d0047678146c294469c33bae167c8ace337deafb736b0bf97b9bc481aa65/pymupdf-1.26.7-cp310-abi3-win_amd64.whl", hash = "sha256:425b1befe40d41b72eb0fe211711c7ae334db5eb60307e9dd09066ed060cceba", size = 18405952, upload-time = "2025-12-11T21:48:02.947Z" },
]

[[package]]
name = "pypdfium2"
version = "5.3.0"
source = { registry = "https://pypi.org/simple" }
sdist = { url = "https://files.pythonhosted.org/packages/18/83/173dab58beb6c7e772b838199014c173a2436018dd7cfde9bbf4a3be15da/pypdfium2-5.3.0.tar.gz", hash = "sha256:2873ffc95fcb01f329257ebc64a5fdce44b36447b6b171fe62f7db5dc3269885", size = 268742, upload-time = "2026-01-05T16:29:03.02Z" }
wheels = [
    { url = "https://files.pythonhosted.org/packages/e3/a4/6bb5b5918c7fc236ec426be8a0205a984fe0a26ae23d5e4dd497398a6571/pypdfium2-5.3.0-py3-none-android_23_arm64_v8a.whl", hash = "sha256:885df6c78d41600cb086dc0c76b912d165b5bd6931ca08138329ea5a991b3540", size = 2763287, upload-time = "2026-01-05T16:28:24.21Z" },
    { url = "https://files.pythonhosted.org/packages/3e/64/24b41b906006bf07099b095f0420ee1f01a3a83a899f3e3731e4da99c06a/pypdfium2-5.3.0-py3-none-android_23_armeabi_v7a.whl", hash = "sha256:6e53dee6b333ee77582499eff800300fb5aa0c7eb8f52f95ccb5ca35ebc86d48", size = 2303285, upload-time = "2026-01-05T16:28:26.274Z" },
    { url = "https://files.pythonhosted.org/packages/c2/c0/3ec73f4ded83ba6c02acf6e9d228501759d5d74fe57f1b93849ab92dcc20/pypdfium2-5.3.0-py3-none-macosx_11_0_arm64.whl", hash = "sha256:ce4466bdd62119fe25a5f74d107acc9db8652062bf217057630c6ff0bb419523", size = 2816066, upload-time = "2026-01-05T16:28:28.099Z" },
    { url = "https://files.pythonhosted.org/packages/62/ca/e553b3b8b5c2cdc3d955cc313493ac27bbe63fc22624769d56ded585dd5e/pypdfium2-5.3.0-py3-none-macosx_11_0_x86_64.whl", hash = "sha256:cc2647fd03db42b8a56a8835e8bc7899e604e2042cd6fedeea53483185612907", size = 2945545, upload-time = "2026-01-05T16:28:29.489Z" },
    { url = "https://files.pythonhosted.org/packages/a1/56/615b776071e95c8570d579038256d0c77969ff2ff381e427be4ab8967f44/pypdfium2-5.3.0-py3-none-manylinux_2_17_aarch64.manylinux2014_aarch64.whl", hash = "sha256:35e205f537ddb4069e4b4e22af7ffe84fcf2d686c3fee5e5349f73268a0ef1ca", size = 2979892, upload-time = "2026-01-05T16:28:31.088Z" },
    { url = "https://files.pythonhosted.org/packages/df/10/27114199b765bdb7d19a9514c07036ad2fc3a579b910e7823ba167ead6de/pypdfium2-5.3.0-py3-none-manylinux_2_17_armv7l.manylinux2014_armv7l.whl", hash = "sha256:b5795298f44050797ac030994fc2525ea35d2d714efe70058e0ee22e5f613f27", size = 2765738, upload-time = "2026-01-05T16:28:33.18Z" },
    { url = "https://files.pythonhosted.org/packages/b4/d7/2a3afa35e6c205a4f6264c33b8d2f659707989f93c30b336aa58575f66fa/pypdfium2-5.3.0-py3-none-manylinux_2_17_i686.manylinux2014_i686.whl", hash = "sha256:b7cd43dfceb77137e69e74c933d41506da1dddaff70f3a794fb0ad0d73e90d75", size = 3064338, upload-time = "2026-01-05T16:28:34.731Z" },
    { url = "https://files.pythonhosted.org/packages/a2/f1/6658755cf6e369bb51d0bccb81c51c300404fbe67c2f894c90000b6442dd/pypdfium2-5.3.0-py3-none-manylinux_2_17_ppc64le.manylinux2014_ppc64le.whl", hash = "sha256:d5956867558fd3a793e58691cf169718864610becb765bfe74dd83f05cbf1ae3", size = 3415059, upload-time = "2026-01-05T16:28:37.313Z" },
    { url = "https://files.pythonhosted.org/packages/f5/34/f86482134fa641deb1f524c45ec7ebd6fc8d404df40c5657ddfce528593e/pypdfium2-5.3.0-py3-none-manylinux_2_17_x86_64.manylinux2014_x86_64.whl", hash = "sha256:b3ff1071e9a782625822658dfe6e29e3a644a66960f8713bb17819f5a0ac5987", size = 2998517, upload-time = "2026-01-05T16:28:38.873Z" },
    { url = "https://files.pythonhosted.org/packages/09/34/40ab99425dcf503c172885904c5dc356c052bfdbd085f9f3cc920e0b8b25/pypdfium2-5.3.0-py3-none-manylinux_2_27_s390x.manylinux_2_28_s390x.whl", hash = "sha256:f319c46ead49d289ab8c1ed2ea63c91e684f35bdc4cf4dc52191c441182ac481", size = 3673154, upload-time = "2026-01-05T16:28:40.347Z" },
    { url = "https://files.pythonhosted.org/packages/a5/67/0f7532f80825a7728a5cbff3f1104857f8f9fe49ebfd6cb25582a89ae8e1/pypdfium2-5.3.0-py3-none-manylinux_2_38_riscv64.manylinux_2_39_riscv64.whl", hash = "sha256:6dc67a186da0962294321cace6ccc0a4d212dbc5e9522c640d35725a812324b8", size = 2965002, upload-time = "2026-01-05T16:28:42.143Z" },
    { url = "https://files.pythonhosted.org/packages/ce/6c/c03d2a3d6621b77aac9604bce1c060de2af94950448787298501eac6c6a2/pypdfium2-5.3.0-py3-none-musllinux_1_2_aarch64.whl", hash = "sha256:0ad0afd3d2b5b54d86287266fd6ae3fef0e0a1a3df9d2c4984b3e3f8f70e6330", size = 4130530, upload-time = "2026-01-05T16:28:44.264Z" },
    { url = "https://files.pythonhosted.org/packages/af/39/9ad1f958cbe35d4693ae87c09ebafda4bb3e4709c7ccaec86c1a829163a3/pypdfium2-5.3.0-py3-none-musllinux_1_2_armv7l.whl", hash = "sha256:1afe35230dc3951b3e79b934c0c35a2e79e2372d06503fce6cf1926d2a816f47", size = 3746568, upload-time = "2026-01-05T16:28:45.897Z" },
    { url = "https://files.pythonhosted.org/packages/2a/e2/4d32310166c2d6955d924737df8b0a3e3efc8d133344a98b10f96320157d/pypdfium2-5.3.0-py3-none-musllinux_1_2_i686.whl", hash = "sha256:00385793030cadce08469085cd21b168fd8ff981b009685fef3103bdc5fc4686", size = 4336683, upload-time = "2026-01-05T16:28:47.584Z" },
    { url = "https://files.pythonhosted.org/packages/14/ea/38c337ff12a8cec4b00fd4fdb0a63a70597a344581e20b02addbd301ab56/pypdfium2-5.3.0-py3-none-musllinux_1_2_ppc64le.whl", hash = "sha256:d911e82676398949697fef80b7f412078df14d725a91c10e383b727051530285", size = 4375030, upload-time = "2026-01-05T16:28:49.5Z" },
    { url = "https://files.pythonhosted.org/packages/a1/77/9d8de90c35d2fc383be8819bcde52f5821dacbd7404a0225e4010b99d080/pypdfium2-5.3.0-py3-none-musllinux_1_2_riscv64.whl", hash = "sha256:ca1dc625ed347fac3d9002a3ed33d521d5803409bd572e7b3f823c12ab2ef58f", size = 3928914, upload-time = "2026-01-05T16:28:51.433Z" },
    { url = "https://files.pythonhosted.org/packages/a5/39/9d4a6fbd78fcb6803b0ea5e4952a31d6182a0aaa2609cfcd0eb88446fdb8/pypdfium2-5.3.0-py3-none-musllinux_1_2_s390x.whl", hash = "sha256:ea4f9db2d3575f22cd41f4c7a855240ded842f135e59a961b5b1351a65ce2b6e", size = 4997777, upload-time = "2026-01-05T16:28:53.589Z" },
    { url = "https://files.pythonhosted.org/packages/9d/38/cdd4ed085c264234a59ad32df1dfe432c77a7403da2381e0fcc1ba60b74e/pypdfium2-5.3.0-py3-none-musllinux_1_2_x86_64.whl", hash = "sha256:0ea24409613df350223c6afc50911c99dca0d43ddaf2616c5a1ebdffa3e1bcb5", size = 4179895, upload-time = "2026-01-05T16:28:55.322Z" },
    { url = "https://files.pythonhosted.org/packages/93/4c/d2f40145c9012482699664f615d7ae540a346c84f68a8179449e69dcc4d8/pypdfium2-5.3.0-py3-none-win32.whl", hash = "sha256:5bf695d603f9eb8fdd7c1786add5cf420d57fbc81df142ed63c029ce29614df9", size = 2993570, upload-time = "2026-01-05T16:28:58.37Z" },
    { url = "https://files.pythonhosted.org/packages/2c/dc/1388ea650020c26ef3f68856b9227e7f153dcaf445e7e4674a0b8f26891e/pypdfium2-5.3.0-py3-none-win_amd64.whl", hash = "sha256:8365af22a39d4373c265f8e90e561cd64d4ddeaf5e6a66546a8caed216ab9574", size = 3102340, upload-time = "2026-01-05T16:28:59.933Z" },
    { url = "https://files.pythonhosted.org/packages/c8/71/a433668d33999b3aeb2c2dda18aaf24948e862ea2ee148078a35daac6c1c/pypdfium2-5.3.0-py3-none-win_arm64.whl", hash = "sha256:0b2c6bf825e084d91d34456be54921da31e9199d9530b05435d69d1a80501a12", size = 2940987, upload-time = "2026-01-05T16:29:01.511Z" },
]

[[package]]
name = "pyside6"
version = "6.10.2"
source = { registry = "https://pypi.org/simple" }
dependencies = [
    { name = "pyside6-addons" },
    { name = "pyside6-essentials" },
    { name = "shiboken6" },
]
wheels = [
    { url = "https://files.pythonhosted.org/packages/35/0f/5736889fc850794623692cb369e295a994175e51295fa52134626f486296/pyside6-6.10.2-cp39-abi3-macosx_13_0_universal2.whl", hash = "sha256:4b084293caa7845d0064aaf6af258e0f7caae03a14a33537d0a552131afddaf0", size = 563185, upload-time = "2026-02-02T08:50:47.161Z" },
    { url = "https://files.pythonhosted.org/packages/35/d3/ab5cd2fac3d34469c7376e0cd18eec92905dbe44748c70bda7699a2a7206/pyside6-6.10.2-cp39-abi3-manylinux_2_34_x86_64.whl", hash = "sha256:1b89ce8558d4b4f35b85bff1db90d680912e4d3ce9e79ff804d6fef1d1a151ef", size = 563357, upload-time = "2026-02-02T08:50:48.919Z" },
    { url = "https://files.pythonhosted.org/packages/ea/8c/55bbd50c138c8dc12edc9f25e9d94760a33e574905468e98dff399094baa/pyside6-6.10.2-cp39-abi3-manylinux_2_39_aarch64.whl", hash = "sha256:0439f5e9b10ebe6177981bac9e219096ec970ac6ec215bef055279802ba50601", size = 563357, upload-time = "2026-02-02T08:50:50.077Z" },
    { url = "https://files.pythonhosted.org/packages/4f/d4/673b8112b4a260377f760be835c4e357163fdaf68a56a1aec59aeb8e584b/pyside6-6.10.2-cp39-abi3-win_amd64.whl", hash = "sha256:032bad6b18a17fcbf4dddd0397f49b07f8aae7f1a45b7e4de7037bf7fd6e0edf", size = 569554, upload-time = "2026-02-02T08:50:51.147Z" },
    { url = "https://files.pythonhosted.org/packages/14/95/bda648fcccf61fe58cb417284716ae30acdddd44f7d4cbad6eea4ccaa872/pyside6-6.10.2-cp39-abi3-win_arm64.whl", hash = "sha256:65a59ad0bc92525639e3268d590948ce07a80ee97b55e7a9200db41d493cac31", size = 553828, upload-time = "2026-02-02T08:50:52.244Z" },
]

[[package]]
name = "pyside6-addons"
version = "6.10.2"
source = { registry = "https://pypi.org/simple" }
dependencies = [
    { name = "pyside6-essentials" },
    { name = "shiboken6" },
]
wheels = [
    { url = "https://files.pythonhosted.org/packages/61/06/c283567628ffa2cefc3c72374ad607f1dfc9842a03db65f1347b9ae52bee/pyside6_addons-6.10.2-cp39-abi3-macosx_13_0_universal2.whl", hash = "sha256:0de7d0c9535e17d5e3b634b61314a1867f3b0f6d35c3d7cdc99efc353192faff", size = 322745605, upload-time = "2026-02-02T08:39:19.929Z" },
    { url = "https://files.pythonhosted.org/packages/a5/69/e1ab8c756fd3984b1fd7b186446227f524f6b561160bfbfdba8874b4709a/pyside6_addons-6.10.2-cp39-abi3-manylinux_2_34_x86_64.whl", hash = "sha256:030a851163b51dbf0063be59e9ddb6a9e760bde89a28e461ccc81a224d286eaf", size = 170718434, upload-time = "2026-02-02T08:40:55.989Z" },
    { url = "https://files.pythonhosted.org/packages/df/e5/18ba86ba86d1231c486d36f9accfe862ed6eb52ca0b698aeaf6e837a87ca/pyside6_addons-6.10.2-cp39-abi3-manylinux_2_39_aarch64.whl", hash = "sha256:fcee0373e3fd7b98f014094e5e37b4a39e4de7c5a47c13f654a7d557d4a426ad", size = 166423836, upload-time = "2026-02-02T08:42:44.918Z" },
    { url = "https://files.pythonhosted.org/packages/99/13/503bec9201881968c372cb634069535e80aec2489f3907d676e151a1023f/pyside6_addons-6.10.2-cp39-abi3-win_amd64.whl", hash = "sha256:c20150068525a17494f3b6576c5d61c417cf9a5870659e29f5ebd83cd20a78ea", size = 164712775, upload-time = "2026-02-02T08:43:23.729Z" },
    { url = "https://files.pythonhosted.org/packages/b6/39/44d6710b4dd18d745077b5fc6ded4ba6f32987a6e49c5834529e50f02155/pyside6_addons-6.10.2-cp39-abi3-win_arm64.whl", hash = "sha256:3d18db739b46946ba7b722d8ad4cc2097135033aa6ea57076e64d591e6a345f3", size = 34041396, upload-time = "2026-02-02T08:43:31.246Z" },
]

[[package]]
name = "pyside6-essentials"
version = "6.10.2"
source = { registry = "https://pypi.org/simple" }
dependencies = [
    { name = "shiboken6" },
]
wheels = [
    { url = "https://files.pythonhosted.org/packages/1d/2e/5f18a77f5e0bd730bacec93a690d0ef3c96a9711d213653eacecbf241b8d/pyside6_essentials-6.10.2-cp39-abi3-macosx_13_0_universal2.whl", hash = "sha256:1dee2cb9803ff135f881dadeb5c0edcef793d1ec4f8a9140a1348cecb71074e1", size = 105913067, upload-time = "2026-02-02T08:45:37.508Z" },
    { url = "https://files.pythonhosted.org/packages/99/20/3a6ca95052e1744b5a3eba164e2dd451d358a3dcaf78179de4b45c8e3f47/pyside6_essentials-6.10.2-cp39-abi3-manylinux_2_34_x86_64.whl", hash = "sha256:660aea45bfa36f1e06f799b934c2a7df963bd31abc5083e8bb8a5bfaef45686b", size = 77027153, upload-time = "2026-02-02T08:45:53.09Z" },
    { url = "https://files.pythonhosted.org/packages/93/a6/6073e4ddc2a5c7b3941606e4bc8bbaadcf0737f57450620b0793041c8d22/pyside6_essentials-6.10.2-cp39-abi3-manylinux_2_39_aarch64.whl", hash = "sha256:c2b028e4c6f8047a02c31f373408e23b4eedfd405f56c6aba8d0525c29472835", size = 76114242, upload-time = "2026-02-02T08:46:07.184Z" },
    { url = "https://files.pythonhosted.org/packages/22/a8/616bbbd009efd3e17bf9a2db09d90c6764c010565cd2bdea2a240bfd18f7/pyside6_essentials-6.10.2-cp39-abi3-win_amd64.whl", hash = "sha256:0741018c2b6395038cad4c41775cfae3f13a409e87995ac9f7d89e5b1fb6b22a", size = 74546490, upload-time = "2026-02-02T08:46:26.395Z" },
    { url = "https://files.pythonhosted.org/packages/b9/f9/c9757a984c4ffb6d12fab69e966d95dfc862a5d44e12b7900f3a03780b76/pyside6_essentials-6.10.2-cp39-abi3-win_arm64.whl", hash = "sha256:db5f4913648bb6afddb8b347edae151ee2378f12bceb03c8b2515a530a4b38d9", size = 55258626, upload-time = "2026-02-02T08:46:36.788Z" },
]

[[package]]
name = "shiboken6"
version = "6.10.2"
source = { registry = "https://pypi.org/simple" }
wheels = [
    { url = "https://files.pythonhosted.org/packages/fb/38/3912eb08a3b865b5fcdb4bdce8076cacc211986cee587f5cb62e637791af/shiboken6-6.10.2-cp39-abi3-macosx_13_0_universal2.whl", hash = "sha256:3bd4e94e9a3c8c1fa8362fd752d399ef39265d5264e4e37bae61cdaa2a00c8c7", size = 479829, upload-time = "2026-02-02T08:50:22.495Z" },
    { url = "https://files.pythonhosted.org/packages/52/88/292e0576489c46624ab419ee284ac5a59ae10e2eb34a58b6abca51dfd290/shiboken6-6.10.2-cp39-abi3-manylinux_2_34_x86_64.whl", hash = "sha256:ace0790032d9cb0adda644b94ee28d59410180d9773643bb6cf8438c361987ad", size = 273052, upload-time = "2026-02-02T08:50:24.539Z" },
    { url = "https://files.pythonhosted.org/packages/06/c2/03d44d34e8264e1f25671677fece95b414c70fd85dcc2be8d5e821ee2628/shiboken6-6.10.2-cp39-abi3-manylinux_2_39_aarch64.whl", hash = "sha256:f74d3ed1f92658077d0630c39e694eb043aeb1d830a5d275176c45d07147427f", size = 269868, upload-time = "2026-02-02T08:50:25.662Z" },
    { url = "https://files.pythonhosted.org/packages/71/5d/5ca52c0ef86b3d01572131b6709bd531a080995f7e680720e9424328ce1d/shiboken6-6.10.2-cp39-abi3-win_amd64.whl", hash = "sha256:10f3c8c5e1b8bee779346f21c10dbc14cff068f0b0b4e62420c82a6bf36ac2e7", size = 1222052, upload-time = "2026-02-02T08:50:27.502Z" },
    { url = "https://files.pythonhosted.org/packages/46/52/421fd378313c89b67ee7d584bf4e9ec088fa1804891b8d74e02b16703457/shiboken6-6.10.2-cp39-abi3-win_arm64.whl", hash = "sha256:20c671645d70835af212ee05df60361d734c5305edb2746e9875c6a31283f963", size = 1784089, upload-time = "2026-02-02T08:50:29.069Z" },
]
